{
  "version": "5",
  "redirects": {
    "https://esm.sh/@supabase/functions-js@^2.1.5?target=denonext": "https://esm.sh/@supabase/functions-js@2.116.0?target=denonext",
    "https://esm.sh/@supabase/gotrue-js@^2.56.0?target=denonext": "https://esm.sh/@supabase/gotrue-js@2.116.0?target=denonext",
    "https://esm.sh/@supabase/node-fetch@^2.6.14?target=denonext": "https://esm.sh/@supabase/node-fetch@2.6.15?target=denonext",
    "https://esm.sh/@supabase/postgrest-js@^1.8.6?target=denonext": "https://esm.sh/@supabase/postgrest-js@1.21.4?target=denonext",
    "https://esm.sh/@supabase/realtime-js@^2.8.4?target=denonext": "https://esm.sh/@supabase/realtime-js@2.116.0?target=denonext",
    "https://esm.sh/@supabase/storage-js@^2.5.4?target=denonext": "https://esm.sh/@supabase/storage-js@2.116.0?target=denonext",
    "https://esm.sh/@types/utf-8-validate@~5.0.2/index.d.ts": "https://esm.sh/@types/utf-8-validate@5.0.2/index.d.ts",
    "https://esm.sh/bufferutil@^4.0.1?target=denonext": "https://esm.sh/bufferutil@4.1.0?target=denonext",
    "https://esm.sh/iceberg-js@^0.8.1?target=denonext": "https://esm.sh/iceberg-js@0.8.1?target=denonext",
    "https://esm.sh/node-gyp-build@^4.3.0?target=denonext": "https://esm.sh/node-gyp-build@4.8.4?target=denonext",
    "https://esm.sh/tr46@~0.0.3?target=denonext": "https://esm.sh/tr46@0.0.3?target=denonext",
    "https://esm.sh/utf-8-validate@%3E=5.0.2?target=denonext": "https://esm.sh/utf-8-validate@6.0.6?target=denonext",
    "https://esm.sh/utf-8-validate@^5.0.2?target=denonext": "https://esm.sh/utf-8-validate@5.0.10?target=denonext",
    "https://esm.sh/webidl-conversions@^3.0.0?target=denonext": "https://esm.sh/webidl-conversions@3.0.1?target=denonext",
    "https://esm.sh/whatwg-url@^5.0.0?target=denonext": "https://esm.sh/whatwg-url@5.0.0?target=denonext"
  },
  "remote": {
    "https://deno.land/std@0.177.0/async/abortable.ts": "73acfb3ed7261ce0d930dbe89e43db8d34e017b063cf0eaa7d215477bf53442e",
    "https://deno.land/std@0.177.0/async/deadline.ts": "c5facb0b404eede83e38bd2717ea8ab34faa2ffb20ef87fd261fcba32ba307aa",
    "https://deno.land/std@0.177.0/async/debounce.ts": "adab11d04ca38d699444ac8a9d9856b4155e8dda2afd07ce78276c01ea5a4332",
    "https://deno.land/std@0.177.0/async/deferred.ts": "42790112f36a75a57db4a96d33974a936deb7b04d25c6084a9fa8a49f135def8",
    "https://deno.land/std@0.177.0/async/delay.ts": "73aa04cec034c84fc748c7be49bb15cac3dd43a57174bfdb7a4aec22c248f0dd",
    "https://deno.land/std@0.177.0/async/mod.ts": "f04344fa21738e5ad6bea37a6bfffd57c617c2d372bb9f9dcfd118a1b622e576",
    "https://deno.land/std@0.177.0/async/mux_async_iterator.ts": "70c7f2ee4e9466161350473ad61cac0b9f115cff4c552eaa7ef9d50c4cbb4cc9",
    "https://deno.land/std@0.177.0/async/pool.ts": "fd082bd4aaf26445909889435a5c74334c017847842ec035739b4ae637ae8260",
    "https://deno.land/std@0.177.0/async/retry.ts": "5efa3ba450ac0c07a40a82e2df296287b5013755d232049efd7ea2244f15b20f",
    "https://deno.land/std@0.177.0/async/tee.ts": "47e42d35f622650b02234d43803d0383a89eb4387e1b83b5a40106d18ae36757",
    "https://deno.land/std@0.177.0/http/server.ts": "cbb17b594651215ba95c01a395700684e569c165a567e4e04bba327f41197433",
    "https://esm.sh/@adraffy/ens-normalize@1.10.0/denonext/ens-normalize.mjs": "04f36ca48d4305418be57b426fab44743f7dbcb175cbc7959bb7032850397f74",
    "https://esm.sh/@adraffy/ens-normalize@1.10.1/denonext/ens-normalize.mjs": "4491c8f3d6bf3f3b4f29510fd82915547d16492e7be8265a78da9f8c21bf58a2",
    "https://esm.sh/@noble/curves@1.2.0/denonext/_shortw_utils.mjs": "f727d962e20cbedf734b164816693c8c93675ed6c8c86ec794377277f0b5c0e2",
    "https://esm.sh/@noble/curves@1.2.0/denonext/abstract/curve.mjs": "f050d7fa7ebc91291d66625fc2711513bdadbeaec0920b0f76be0c224fa575d8",
    "https://esm.sh/@noble/curves@1.2.0/denonext/abstract/hash-to-curve.mjs": "238b612981445c9a0d81cec2737bb055209c240204d75925b7f6ff2ef1bc79e9",
    "https://esm.sh/@noble/curves@1.2.0/denonext/abstract/modular.mjs": "8a063ac2d423b5878a4f33d0a6ad1779e844de4fc21ac490aed90446b0101b25",
    "https://esm.sh/@noble/curves@1.2.0/denonext/abstract/utils.mjs": "9da76ddc911df09a5a3ab32e1a713ee1963f93b165034fad38930a5ad0b5bacb",
    "https://esm.sh/@noble/curves@1.2.0/denonext/abstract/weierstrass.mjs": "fea31f974ba596063e4ba5e610f25842c30ea0c3411661a90459500bf1bfc3de",
    "https://esm.sh/@noble/curves@1.2.0/denonext/secp256k1.mjs": "7e18e920d7444dbe15748ef15ce6f304c0cfc797e271907ec5b0a8fa62f85558",
    "https://esm.sh/@noble/hashes@1.3.2/denonext/_assert.mjs": "61d0ca75a9350e4eb55bc202c0409a03203182b8f15ef849bbe9317a16024365",
    "https://esm.sh/@noble/hashes@1.3.2/denonext/_sha2.mjs": "7c5c39b6681fe7fc36b9263a78c8434604bbc95fd9bb3f011440ee31378828f6",
    "https://esm.sh/@noble/hashes@1.3.2/denonext/crypto.mjs": "ed0ec2ee968c1c93626f7d0f00561c250e01dfdbf05522e03b664dbcca728999",
    "https://esm.sh/@noble/hashes@1.3.2/denonext/esm/_u64.mjs": "92af291e491160f85f2609d021eab002d074bf066348b6bed1951a06efc71521",
    "https://esm.sh/@noble/hashes@1.3.2/denonext/hmac.mjs": "bb072d2361b24f3e3d3185df33134fa43c24e070d9179ca5375ca154e952d6fd",
    "https://esm.sh/@noble/hashes@1.3.2/denonext/pbkdf2.mjs": "ae6aa4d2eeb6ed22d622fffb3028d97a0c501098c105041349723ad8f5e0e474",
    "https://esm.sh/@noble/hashes@1.3.2/denonext/ripemd160.mjs": "e631c2f6d0e264c8ae7439b63de90d9bf5417f725a1e46a23afdd58587c14549",
    "https://esm.sh/@noble/hashes@1.3.2/denonext/scrypt.mjs": "3523bd1c90085f017a56cb9741994fbd80fd50ff07f23f5595a143f4e7be2149",
    "https://esm.sh/@noble/hashes@1.3.2/denonext/sha256.mjs": "47f48d3b789ff9b4cdd4f5c96366f8bc5e741f9bcdfce696f1d80b1ad9a3c4ec",
    "https://esm.sh/@noble/hashes@1.3.2/denonext/sha3.mjs": "3f70ec2ea3b733e1bc56c88f41d58c293763925606b7b8e79d2a2d3128a7864c",
    "https://esm.sh/@noble/hashes@1.3.2/denonext/utils.mjs": "a55118e868b36ccab9ffe70d459c80bf4eb1db04206779b07f3938ab07806bf9",
    "https://esm.sh/@supabase/functions-js@2.116.0/denonext/functions-js.mjs": "b4563dfbefd52b36879757f8aee5adbeb8e57001672affcf09aea692842325c2",
    "https://esm.sh/@supabase/functions-js@2.116.0?target=denonext": "46404965479dab944a0370dc7f3b07de15421349d042b16689b5264dc77d843b",
    "https://esm.sh/@supabase/gotrue-js@2.116.0/denonext/gotrue-js.mjs": "2d8907c980069aa15f0915c1b054dbdf346d64266d23a3d31985445863b65d55",
    "https://esm.sh/@supabase/gotrue-js@2.116.0?target=denonext": "d8939322e4407a94d6204d842d0097a85cf7ce8444f3b6af6296cdd9051e73ca",
    "https://esm.sh/@supabase/node-fetch@2.6.15/denonext/node-fetch.mjs": "0bae9052231f4f6dbccc7234d05ea96923dbf967be12f402764580b6bf9f713d",
    "https://esm.sh/@supabase/node-fetch@2.6.15?target=denonext": "4d28c4ad97328403184353f68434f2b6973971507919e9150297413664919cf3",
    "https://esm.sh/@supabase/phoenix@0.4.5/denonext/phoenix.mjs": "40bd2a70829cd847848baac58e635bacd83fd62188f6624b44e2c295341004eb",
    "https://esm.sh/@supabase/postgrest-js@1.21.4/denonext/postgrest-js.mjs": "c3769b11ef02debc78ecf6ab4e152d3cf7dbd05bbbafeb72c160e76cc57cda3c",
    "https://esm.sh/@supabase/postgrest-js@1.21.4?target=denonext": "db2315bc0ff19690cd4239c5adb5f5787f5dea04955058ef1fca541d49555ed6",
    "https://esm.sh/@supabase/realtime-js@2.116.0/denonext/realtime-js.mjs": "c2aaa735183dcb94c62b43dfcb0c9e30ea1fd4c02ff16d77352a268ef5b3b897",
    "https://esm.sh/@supabase/realtime-js@2.116.0?target=denonext": "bf2bc308d1afc561f377d38d4328d4a5a3945d12240d97c2eeb2c780ff12686e",
    "https://esm.sh/@supabase/storage-js@2.116.0/denonext/storage-js.mjs": "9f9f67c3c6087ab28280eb378525665043658b157102d272026f294447bac8c0",
    "https://esm.sh/@supabase/storage-js@2.116.0?target=denonext": "0290e6740f2384249f381f86713332a9cdaffa8e02fa4db8cde560fd7f4c12df",
    "https://esm.sh/@supabase/supabase-js@2.39.0": "f51aeb2dbf8f67c8fa396628af45793e3513067d45705f1ea158f5c678bb0cea",
    "https://esm.sh/@supabase/supabase-js@2.39.0/denonext/supabase-js.mjs": "11e53e706626aa625a6c6dbe6a9a8a6dc6d66a0827cd43507f3a98a0a538ae3c",
    "https://esm.sh/aes-js@4.0.0-beta.5/denonext/aes-js.mjs": "491ebbd74059da270ed88751cdfa1d30a1fe1ac58e90159ffa3d4e44af2a6c95",
    "https://esm.sh/bufferutil@4.1.0/denonext/bufferutil.mjs": "9b6e81087bdc57848ad1de1f8618ebbace98ebd9ff6cab51260b48c2a045a9c9",
    "https://esm.sh/bufferutil@4.1.0?target=denonext": "aaa2a112199593ccc40da1aedf5124779862ea166afb0a8529f04f907001428a",
    "https://esm.sh/ethers@6.10.0": "27ccdfc37a026a947bd8fe8def01b33df92f82bc12aec4f477096a3a85817ae4",
    "https://esm.sh/ethers@6.10.0/denonext/abi.mjs": "2eac9a7382dc5e48df49ca65b3d861a5d2d8866a962ae04642cec7e6b743b07b",
    "https://esm.sh/ethers@6.10.0/denonext/address.mjs": "fc20cf3cb47223360f1d676cda353b765e286dfe6175ad6b301953a69d187cda",
    "https://esm.sh/ethers@6.10.0/denonext/constants.mjs": "db9c87f7add573dacf9bf12a92269ec9b4ceacd4ba3922184fab41b4b0980517",
    "https://esm.sh/ethers@6.10.0/denonext/contract.mjs": "9bf9d4d1cc1fd36399dbafeb21398f7870b4fb2cc728ea88dfc9d8123ef28bfc",
    "https://esm.sh/ethers@6.10.0/denonext/crypto.mjs": "45b790b899c601732843579d9d1da63904ad12606851dbeaa4f514327e86e616",
    "https://esm.sh/ethers@6.10.0/denonext/ethers.mjs": "1bfd63cf89d3c420e82315d8f289eab3553831d943cc51e758bfec6e5e737167",
    "https://esm.sh/ethers@6.10.0/denonext/hash.mjs": "d50b04c87396663d4d0dd298808790e2e4de526d0f8756f2c3dea5d235776731",
    "https://esm.sh/ethers@6.10.0/denonext/lib.esm/_version.mjs": "14adbc4896e3a309ff5005742063f22cac96ac61db00262cfed1ddf562a6b451",
    "https://esm.sh/ethers@6.10.0/denonext/lib.esm/providers/provider.mjs": "394dde1635a7842b907a96af9d427baf96f24ca08ca2fd2b04b5c2e7ff1a4ce2",
    "https://esm.sh/ethers@6.10.0/denonext/lib.esm/utils/data.mjs": "85edaf908cbe044c9a3496650e7d8bd09245abcdac9ff5fb80a6b511b31c6660",
    "https://esm.sh/ethers@6.10.0/denonext/lib.esm/utils/errors.mjs": "1925cae9ef11af834acd6e237f8bfa24699324356a5c8b813f6b207b57b9b7af",
    "https://esm.sh/ethers@6.10.0/denonext/lib.esm/utils/maths.mjs": "131087f0866a1e16838639de0f15ae1bc68eb653a048d8078f461cb53b065f9f",
    "https://esm.sh/ethers@6.10.0/denonext/lib.esm/utils/properties.mjs": "e351bf6b36c357bcab98e79615f76bac7aa27b627ddb8fc979c4ccc142cfa442",
    "https://esm.sh/ethers@6.10.0/denonext/lib.esm/utils/utf8.mjs": "5931dc7a1b18f83be54da415e878562989ae65a8d388aa86ea852cec1b1c7ade",
    "https://esm.sh/ethers@6.10.0/denonext/lib.esm/wordlists/decode-owl.mjs": "48efb9d69f919712edb51cd0afe20dd36062dae043f6aa1f41377e4ed70fa690",
    "https://esm.sh/ethers@6.10.0/denonext/lib.esm/wordlists/lang-en.mjs": "9ea5ba35a7fbf1fe50fb9983ad6b2da5ed7019d34ef100acd71e99a7ced3518f",
    "https://esm.sh/ethers@6.10.0/denonext/lib.esm/wordlists/wordlist-owl.mjs": "b1e94c70f0add9e79bc65d944644ae3555c670e2d7aa2d0afb7122eac22c7e1d",
    "https://esm.sh/ethers@6.10.0/denonext/lib.esm/wordlists/wordlist.mjs": "60dd4bab65be17a6f49ad5d868dc93b8d60425e291f99a1df7241ed6bdc2e55a",
    "https://esm.sh/ethers@6.10.0/denonext/providers.mjs": "e49b6a20e023800a59b02e74f4e955045b11bbe53719f84bce0d0f381c236bc7",
    "https://esm.sh/ethers@6.10.0/denonext/transaction.mjs": "2b5875701f0d57f7f87455f31b65366f005c1b2ce7bab6d6a5c06d43bf19dad9",
    "https://esm.sh/ethers@6.10.0/denonext/utils.mjs": "8f90df230169b30f5494f4c903f5039841b3d2e2f9328804b9de01febe5f8b0d",
    "https://esm.sh/ethers@6.10.0/denonext/wallet.mjs": "20e073833fd6b1596f3756b293be3a554c60546d73aab1f02b75861e911d62bd",
    "https://esm.sh/ethers@6.10.0/denonext/wordlists.mjs": "163d2c921a884f6df15eb68d9dc122ac8127ffe52b8fc9020dacc9354fb135af",
    "https://esm.sh/ethers@6.13.1": "2e43cc15bf4ebeafbe9eced6113b216c828ae9b4237a8f74f7fa3c486a04e807",
    "https://esm.sh/ethers@6.13.1/denonext/abi.mjs": "72e9ba336d2bd0c5ae976933ef59075857623f9289b0146d4a1b2f4116f46a1c",
    "https://esm.sh/ethers@6.13.1/denonext/address.mjs": "f5098a01c219a93b30b4c110b09be66b359472b6ee7c0ed6ea08515b259d5e92",
    "https://esm.sh/ethers@6.13.1/denonext/constants.mjs": "30f8daed1132f678098201f12cc70a97974fbb0f679d5dc92205822eba0e5d3a",
    "https://esm.sh/ethers@6.13.1/denonext/contract.mjs": "86d581ac4ed467429007adc64033489df0485234cb2f7dfce8df05e3261a707a",
    "https://esm.sh/ethers@6.13.1/denonext/crypto.mjs": "130e7c145bca29211f6b267c626f4278039f04d0cd042854d0dac96be462e1bc",
    "https://esm.sh/ethers@6.13.1/denonext/ethers.mjs": "dbf97a0afb579a06fad2473ed3877c6393b199a09fc745a940406586ae8e0a7c",
    "https://esm.sh/ethers@6.13.1/denonext/hash.mjs": "5c45696aa44cc9c3ac8b19dc31cb2cd3c33c4fc1c7b94a2e253bfae705d9b61e",
    "https://esm.sh/ethers@6.13.1/denonext/lib.esm/_version.mjs": "8f88841e6e3511d9c0b3e3a2dce970a9e075a96751369f871b104ea3083c56ef",
    "https://esm.sh/ethers@6.13.1/denonext/providers.mjs": "f05221a0cb7ba7ad75bfdcf2041f841d5ac1f6146879a619aacbd00e8d2eaa71",
    "https://esm.sh/ethers@6.13.1/denonext/transaction.mjs": "3a3198a36e4830995ca417d31622b48e8978a3b8b3b39103aa5e7620dc91febd",
    "https://esm.sh/ethers@6.13.1/denonext/utils.mjs": "00f947b585fa981d6ec668b639d12dab9187507bb36328f0437b1bf0c0958702",
    "https://esm.sh/ethers@6.13.1/denonext/wallet.mjs": "1a0abd9c04ac40cd359fce66c27507f2e4d6bf953e4f5d862ec6b6f9be26131d",
    "https://esm.sh/ethers@6.13.1/denonext/wordlists.mjs": "39df3beb194d9a55b7fb13ddadb869d431b267dd46c2daf4d45f45ec1dd43617",
    "https://esm.sh/iceberg-js@0.8.1/denonext/iceberg-js.mjs": "d839d81a2e3966500ca2cdd0c1cb458e9608bacfc91f7bb67a69b2e878dcdb4f",
    "https://esm.sh/iceberg-js@0.8.1?target=denonext": "58c849d7fe2bf4eca4a84eb501e83c161a7d8c34ca1bec15a962b3bec3062633",
    "https://esm.sh/node-gyp-build@4.8.4/denonext/node-gyp-build.mjs": "9a86f2d044fc77bd60aaa3d697c2ba1b818da5fb1b9aaeedec59a40b8e908803",
    "https://esm.sh/node-gyp-build@4.8.4?target=denonext": "261a6cedf1fdbf159798141ba1e2311ac1510682c5c8b55dacc8cf5fdee4aa06",
    "https://esm.sh/tr46@0.0.3/denonext/tr46.mjs": "5753ec0a99414f4055f0c1f97691100f13d88e48a8443b00aebb90a512785fa2",
    "https://esm.sh/tr46@0.0.3?target=denonext": "19cb9be0f0d418a0c3abb81f2df31f080e9540a04e43b0f699bce1149cba0cbb",
    "https://esm.sh/tslib@2.8.1/denonext/tslib.mjs": "c38da5dd6da6281964435002ce204cd586634fe3bdfb24a0ee116f48cf3292e9",
    "https://esm.sh/utf-8-validate@5.0.10/denonext/utf-8-validate.mjs": "1d98ab4651f7bb3ee17334987cf01aa21822dd9bd8b4342662810a68bed13272",
    "https://esm.sh/utf-8-validate@5.0.10?target=denonext": "72aedbb87d63ccd5b140d2216531babbe0e18df7688b2b2b28b7573e3d8dcf2a",
    "https://esm.sh/utf-8-validate@6.0.6/denonext/utf-8-validate.mjs": "4a41983aa887625615f52a52b53c223d8f16c74e52a6bd41b2c361894c07f878",
    "https://esm.sh/utf-8-validate@6.0.6?target=denonext": "8afa4e097093160323f232f971ca61474d22ccafdac8025e4e4f66ab4e07b2c4",
    "https://esm.sh/webidl-conversions@3.0.1/denonext/webidl-conversions.mjs": "238cd0743827707cbc1c2d7c2cf1027dbc536fb53ec9a3fde0ff8026a3ac5385",
    "https://esm.sh/webidl-conversions@3.0.1?target=denonext": "4e20318d50528084616c79d7b3f6e7f0fe7b6d09013bd01b3974d7448d767e29",
    "https://esm.sh/whatwg-url@5.0.0/denonext/whatwg-url.mjs": "29b16d74ee72624c915745bbd25b617cfd2248c6af0f5120d131e232a9a9af79",
    "https://esm.sh/whatwg-url@5.0.0?target=denonext": "f001a2cadf81312d214ca330033f474e74d81a003e21e8c5d70a1f46dc97b02d",
    "https://esm.sh/ws@8.17.1/denonext/ws.mjs": "a6ae8b6fb5c790492d07745e8940d2c0aa057bf892e8d0e20887d3e41331d237",
    "https://esm.sh/ws@8.5.0/denonext/ws.mjs": "3243c62f7cf454cc8d3df94cf26206b9d6c25744c957f3107b8f5db836ca4d72"
  }
}
